
Microsoft Visual Studio Solution File, Format Version 12.00
# Visual Studio 15
VisualStudioVersion = 15.0.28307.271
MinimumVisualStudioVersion = 10.0.40219.1
Project("{8BC9CEB8-8B4A-11D0-8D11-00A0C91BC942}") = "JianZhiOffer", "JianZhiOffer\JianZhiOffer.vcxproj", "{B440296D-4DFB-4110-AA07-1EB742536F27}"
EndProject
Project("{8BC9CEB8-8B4A-11D0-8D11-00A0C91BC942}") = "18_DeleteDuplicatedNode", "DeleteDuplicatedNode\DeleteDuplicatedNode.vcxproj", "{DD4D49EC-1FCC-4D62-BFAE-7380280991C5}"
EndProject
Project("{8BC9CEB8-8B4A-11D0-8D11-00A0C91BC942}") = "19_RegularExpressionsMatching", "RegularExpressionsMatching\RegularExpressionsMatching.vcxproj", "{00A599C2-7439-41CC-A655-FAB2F114A36C}"
EndProject
Project("{8BC9CEB8-8B4A-11D0-8D11-00A0C91BC942}") = "20_NumericStrings", "NumericStrings\NumericStrings.vcxproj", "{26FD03F7-F2D8-4C9B-96BE-75BE066A8910}"
EndProject
Project("{8BC9CEB8-8B4A-11D0-8D11-00A0C91BC942}") = "22_KthNodeFromEnd", "22_KthNodeFromEnd\22_KthNodeFromEnd.vcxproj", "{A3106A3D-8C6F-439B-B9B0-66B0A316A756}"
EndProject
Project("{8BC9CEB8-8B4A-11D0-8D11-00A0C91BC942}") = "23_EntryNodeInListLoop", "23_EntryNodeInListLoop\23_EntryNodeInListLoop.vcxproj", "{09FD094A-3D81-4EB5-B5F7-DAAA7D382CB2}"
EndProject
Project("{8BC9CEB8-8B4A-11D0-8D11-00A0C91BC942}") = "24_ReverseList", "24_ReverseList\24_ReverseList.vcxproj", "{E5C2AC8F-B00A-4CF6-A6AF-B76495137B76}"
EndProject
Project("{8BC9CEB8-8B4A-11D0-8D11-00A0C91BC942}") = "25_MergeSortedLists", "25_MergeSortedLists\25_MergeSortedLists.vcxproj", "{F4C53233-001C-4899-9362-345DB6A05F38}"
EndProject
Project("{8BC9CEB8-8B4A-11D0-8D11-00A0C91BC942}") = "26_SubstructureInTree", "26_SubstructureInTree\26_SubstructureInTree.vcxproj", "{67A98F16-DF41-47AB-BCBF-24421E468037}"
EndProject
Global
	GlobalSection(SolutionConfigurationPlatforms) = preSolution
		Debug|x64 = Debug|x64
		Debug|x86 = Debug|x86
		Release|x64 = Release|x64
		Release|x86 = Release|x86
	EndGlobalSection
	GlobalSection(ProjectConfigurationPlatforms) = postSolution
		{B440296D-4DFB-4110-AA07-1EB742536F27}.Debug|x64.ActiveCfg = Debug|x64
		{B440296D-4DFB-4110-AA07-1EB742536F27}.Debug|x64.Build.0 = Debug|x64
		{B440296D-4DFB-4110-AA07-1EB742536F27}.Debug|x86.ActiveCfg = Debug|Win32
		{B440296D-4DFB-4110-AA07-1EB742536F27}.Debug|x86.Build.0 = Debug|Win32
		{B440296D-4DFB-4110-AA07-1EB742536F27}.Release|x64.ActiveCfg = Release|x64
		{B440296D-4DFB-4110-AA07-1EB742536F27}.Release|x64.Build.0 = Release|x64
		{B440296D-4DFB-4110-AA07-1EB742536F27}.Release|x86.ActiveCfg = Release|Win32
		{B440296D-4DFB-4110-AA07-1EB742536F27}.Release|x86.Build.0 = Release|Win32
		{DD4D49EC-1FCC-4D62-BFAE-7380280991C5}.Debug|x64.ActiveCfg = Debug|x64
		{DD4D49EC-1FCC-4D62-BFAE-7380280991C5}.Debug|x64.Build.0 = Debug|x64
		{DD4D49EC-1FCC-4D62-BFAE-7380280991C5}.Debug|x86.ActiveCfg = Debug|Win32
		{DD4D49EC-1FCC-4D62-BFAE-7380280991C5}.Debug|x86.Build.0 = Debug|Win32
		{DD4D49EC-1FCC-4D62-BFAE-7380280991C5}.Release|x64.ActiveCfg = Release|x64
		{DD4D49EC-1FCC-4D62-BFAE-7380280991C5}.Release|x64.Build.0 = Release|x64
		{DD4D49EC-1FCC-4D62-BFAE-7380280991C5}.Release|x86.ActiveCfg = Release|Win32
		{DD4D49EC-1FCC-4D62-BFAE-7380280991C5}.Release|x86.Build.0 = Release|Win32
		{00A599C2-7439-41CC-A655-FAB2F114A36C}.Debug|x64.ActiveCfg = Debug|x64
		{00A599C2-7439-41CC-A655-FAB2F114A36C}.Debug|x64.Build.0 = Debug|x64
		{00A599C2-7439-41CC-A655-FAB2F114A36C}.Debug|x86.ActiveCfg = Debug|Win32
		{00A599C2-7439-41CC-A655-FAB2F114A36C}.Debug|x86.Build.0 = Debug|Win32
		{00A599C2-7439-41CC-A655-FAB2F114A36C}.Release|x64.ActiveCfg = Release|x64
		{00A599C2-7439-41CC-A655-FAB2F114A36C}.Release|x64.Build.0 = Release|x64
		{00A599C2-7439-41CC-A655-FAB2F114A36C}.Release|x86.ActiveCfg = Release|Win32
		{00A599C2-7439-41CC-A655-FAB2F114A36C}.Release|x86.Build.0 = Release|Win32
		{26FD03F7-F2D8-4C9B-96BE-75BE066A8910}.Debug|x64.ActiveCfg = Debug|x64
		{26FD03F7-F2D8-4C9B-96BE-75BE066A8910}.Debug|x64.Build.0 = Debug|x64
		{26FD03F7-F2D8-4C9B-96BE-75BE066A8910}.Debug|x86.ActiveCfg = Debug|Win32
		{26FD03F7-F2D8-4C9B-96BE-75BE066A8910}.Debug|x86.Build.0 = Debug|Win32
		{26FD03F7-F2D8-4C9B-96BE-75BE066A8910}.Release|x64.ActiveCfg = Release|x64
		{26FD03F7-F2D8-4C9B-96BE-75BE066A8910}.Release|x64.Build.0 = Release|x64
		{26FD03F7-F2D8-4C9B-96BE-75BE066A8910}.Release|x86.ActiveCfg = Release|Win32
		{26FD03F7-F2D8-4C9B-96BE-75BE066A8910}.Release|x86.Build.0 = Release|Win32
		{A3106A3D-8C6F-439B-B9B0-66B0A316A756}.Debug|x64.ActiveCfg = Debug|x64
		{A3106A3D-8C6F-439B-B9B0-66B0A316A756}.Debug|x64.Build.0 = Debug|x64
		{A3106A3D-8C6F-439B-B9B0-66B0A316A756}.Debug|x86.ActiveCfg = Debug|Win32
		{A3106A3D-8C6F-439B-B9B0-66B0A316A756}.Debug|x86.Build.0 = Debug|Win32
		{A3106A3D-8C6F-439B-B9B0-66B0A316A756}.Release|x64.ActiveCfg = Release|x64
		{A3106A3D-8C6F-439B-B9B0-66B0A316A756}.Release|x64.Build.0 = Release|x64
		{A3106A3D-8C6F-439B-B9B0-66B0A316A756}.Release|x86.ActiveCfg = Release|Win32
		{A3106A3D-8C6F-439B-B9B0-66B0A316A756}.Release|x86.Build.0 = Release|Win32
		{09FD094A-3D81-4EB5-B5F7-DAAA7D382CB2}.Debug|x64.ActiveCfg = Debug|x64
		{09FD094A-3D81-4EB5-B5F7-DAAA7D382CB2}.Debug|x64.Build.0 = Debug|x64
		{09FD094A-3D81-4EB5-B5F7-DAAA7D382CB2}.Debug|x86.ActiveCfg = Debug|Win32
		{09FD094A-3D81-4EB5-B5F7-DAAA7D382CB2}.Debug|x86.Build.0 = Debug|Win32
		{09FD094A-3D81-4EB5-B5F7-DAAA7D382CB2}.Release|x64.ActiveCfg = Release|x64
		{09FD094A-3D81-4EB5-B5F7-DAAA7D382CB2}.Release|x64.Build.0 = Release|x64
		{09FD094A-3D81-4EB5-B5F7-DAAA7D382CB2}.Release|x86.ActiveCfg = Release|Win32
		{09FD094A-3D81-4EB5-B5F7-DAAA7D382CB2}.Release|x86.Build.0 = Release|Win32
		{E5C2AC8F-B00A-4CF6-A6AF-B76495137B76}.Debug|x64.ActiveCfg = Debug|x64
		{E5C2AC8F-B00A-4CF6-A6AF-B76495137B76}.Debug|x64.Build.0 = Debug|x64
		{E5C2AC8F-B00A-4CF6-A6AF-B76495137B76}.Debug|x86.ActiveCfg = Debug|Win32
		{E5C2AC8F-B00A-4CF6-A6AF-B76495137B76}.Debug|x86.Build.0 = Debug|Win32
		{E5C2AC8F-B00A-4CF6-A6AF-B76495137B76}.Release|x64.ActiveCfg = Release|x64
		{E5C2AC8F-B00A-4CF6-A6AF-B76495137B76}.Release|x64.Build.0 = Release|x64
		{E5C2AC8F-B00A-4CF6-A6AF-B76495137B76}.Release|x86.ActiveCfg = Release|Win32
		{E5C2AC8F-B00A-4CF6-A6AF-B76495137B76}.Release|x86.Build.0 = Release|Win32
		{F4C53233-001C-4899-9362-345DB6A05F38}.Debug|x64.ActiveCfg = Debug|x64
		{F4C53233-001C-4899-9362-345DB6A05F38}.Debug|x64.Build.0 = Debug|x64
		{F4C53233-001C-4899-9362-345DB6A05F38}.Debug|x86.ActiveCfg = Debug|Win32
		{F4C53233-001C-4899-9362-345DB6A05F38}.Debug|x86.Build.0 = Debug|Win32
		{F4C53233-001C-4899-9362-345DB6A05F38}.Release|x64.ActiveCfg = Release|x64
		{F4C53233-001C-4899-9362-345DB6A05F38}.Release|x64.Build.0 = Release|x64
		{F4C53233-001C-4899-9362-345DB6A05F38}.Release|x86.ActiveCfg = Release|Win32
		{F4C53233-001C-4899-9362-345DB6A05F38}.Release|x86.Build.0 = Release|Win32
		{67A98F16-DF41-47AB-BCBF-24421E468037}.Debug|x64.ActiveCfg = Debug|x64
		{67A98F16-DF41-47AB-BCBF-24421E468037}.Debug|x64.Build.0 = Debug|x64
		{67A98F16-DF41-47AB-BCBF-24421E468037}.Debug|x86.ActiveCfg = Debug|Win32
		{67A98F16-DF41-47AB-BCBF-24421E468037}.Debug|x86.Build.0 = Debug|Win32
		{67A98F16-DF41-47AB-BCBF-24421E468037}.Release|x64.ActiveCfg = Release|x64
		{67A98F16-DF41-47AB-BCBF-24421E468037}.Release|x64.Build.0 = Release|x64
		{67A98F16-DF41-47AB-BCBF-24421E468037}.Release|x86.ActiveCfg = Release|Win32
		{67A98F16-DF41-47AB-BCBF-24421E468037}.Release|x86.Build.0 = Release|Win32
	EndGlobalSection
	GlobalSection(SolutionProperties) = preSolution
		HideSolutionNode = FALSE
	EndGlobalSection
	GlobalSection(ExtensibilityGlobals) = postSolution
		SolutionGuid = {D926ACC0-1D18-4511-9B8C-07ADF92EA1AB}
	EndGlobalSection
EndGlobal
