
Microsoft Visual Studio Solution File, Format Version 12.00
# Visual Studio 15
VisualStudioVersion = 15.0.28307.271
MinimumVisualStudioVersion = 10.0.40219.1
Project("{8BC9CEB8-8B4A-11D0-8D11-00A0C91BC942}") = "JianZhiOffer", "JianZhiOffer\JianZhiOffer.vcxproj", "{B440296D-4DFB-4110-AA07-1EB742536F27}"
EndProject
Project("{8BC9CEB8-8B4A-11D0-8D11-00A0C91BC942}") = "18_DeleteDuplicatedNode", "DeleteDuplicatedNode\DeleteDuplicatedNode.vcxproj", "{DD4D49EC-1FCC-4D62-BFAE-7380280991C5}"
EndProject
Project("{8BC9CEB8-8B4A-11D0-8D11-00A0C91BC942}") = "19_RegularExpressionsMatching", "RegularExpressionsMatching\RegularExpressionsMatching.vcxproj", "{00A599C2-7439-41CC-A655-FAB2F114A36C}"
EndProject
Project("{8BC9CEB8-8B4A-11D0-8D11-00A0C91BC942}") = "20_NumericStrings", "NumericStrings\NumericStrings.vcxproj", "{26FD03F7-F2D8-4C9B-96BE-75BE066A8910}"
EndProject
Project("{8BC9CEB8-8B4A-11D0-8D11-00A0C91BC942}") = "22_KthNodeFromEnd", "22_KthNodeFromEnd\22_KthNodeFromEnd.vcxproj", "{A3106A3D-8C6F-439B-B9B0-66B0A316A756}"
EndProject
Project("{8BC9CEB8-8B4A-11D0-8D11-00A0C91BC942}") = "23_EntryNodeInListLoop", "23_EntryNodeInListLoop\23_EntryNodeInListLoop.vcxproj", "{09FD094A-3D81-4EB5-B5F7-DAAA7D382CB2}"
EndProject
Project("{8BC9CEB8-8B4A-11D0-8D11-00A0C91BC942}") = "24_ReverseList", "24_ReverseList\24_ReverseList.vcxproj", "{E5C2AC8F-B00A-4CF6-A6AF-B76495137B76}"
EndProject
Project("{8BC9CEB8-8B4A-11D0-8D11-00A0C91BC942}") = "25_MergeSortedLists", "25_MergeSortedLists\25_MergeSortedLists.vcxproj", "{F4C53233-001C-4899-9362-345DB6A05F38}"
EndProject
Project("{8BC9CEB8-8B4A-11D0-8D11-00A0C91BC942}") = "26_SubstructureInTree", "26_SubstructureInTree\26_SubstructureInTree.vcxproj", "{67A98F16-DF41-47AB-BCBF-24421E468037}"
EndProject
Project("{8BC9CEB8-8B4A-11D0-8D11-00A0C91BC942}") = "27_MirrorOfBinaryTree", "27_MirrorOfBinaryTree\27_MirrorOfBinaryTree.vcxproj", "{6CCE1C8E-2677-4E01-B334-AAEF9E37871B}"
EndProject
Project("{8BC9CEB8-8B4A-11D0-8D11-00A0C91BC942}") = "28_SymmetricalBinaryTree", "28_SymmetricalBinaryTree\28_SymmetricalBinaryTree.vcxproj", "{25C5440D-50A5-4CD4-9D4C-EFC772DC288F}"
EndProject
Project("{8BC9CEB8-8B4A-11D0-8D11-00A0C91BC942}") = "29_PrintMatrix", "29_PrintMatrix\29_PrintMatrix.vcxproj", "{252FC325-DED8-4706-9EB3-4C6097628D6F}"
EndProject
Project("{8BC9CEB8-8B4A-11D0-8D11-00A0C91BC942}") = "30_MinInStack", "30_MinInStack\30_MinInStack.vcxproj", "{A290A524-C3EB-4CF4-93F4-5186B718C694}"
EndProject
Project("{8BC9CEB8-8B4A-11D0-8D11-00A0C91BC942}") = "31_StackPushPopOrder", "31_StackPushPopOrder\31_StackPushPopOrder.vcxproj", "{FB5EDF3C-F4C8-4FEF-B4DC-D70F58A0E430}"
EndProject
Project("{8BC9CEB8-8B4A-11D0-8D11-00A0C91BC942}") = "33_SquenceOfBST", "33_SquenceOfBST\33_SquenceOfBST.vcxproj", "{6E45659F-BD03-49E4-95BB-3385CC02F56B}"
EndProject
Project("{8BC9CEB8-8B4A-11D0-8D11-00A0C91BC942}") = "34_PathInTree", "34_PathInTree\34_PathInTree.vcxproj", "{7AF53401-BE22-4D26-A77D-D75B73903DC3}"
EndProject
Project("{8BC9CEB8-8B4A-11D0-8D11-00A0C91BC942}") = "35_CopyComplexList", "35_CopyComplexList\35_CopyComplexList.vcxproj", "{43FB6DAD-B567-4B15-AF99-36DE9D6DC1C7}"
EndProject
Project("{8BC9CEB8-8B4A-11D0-8D11-00A0C91BC942}") = "36_ConvertBinarySearchTree", "36_ConvertBinarySearchTree\36_ConvertBinarySearchTree.vcxproj", "{DAD492D5-7A3F-48A0-8CB3-8534546DE536}"
EndProject
Project("{8BC9CEB8-8B4A-11D0-8D11-00A0C91BC942}") = "37_SerializeBinaryTrees", "37_SerializeBinaryTrees\37_SerializeBinaryTrees.vcxproj", "{8C767190-1BEE-4FC2-9A5E-823D9DCBC90E}"
EndProject
Project("{8BC9CEB8-8B4A-11D0-8D11-00A0C91BC942}") = "38_StringPermutation", "38_StringPermutation\38_StringPermutation.vcxproj", "{E37CE73A-AE68-4391-89BF-0A273EBE7B70}"
EndProject
Project("{8BC9CEB8-8B4A-11D0-8D11-00A0C91BC942}") = "39_MoreThanHalfNumber", "39_MoreThanHalfNumber\39_MoreThanHalfNumber.vcxproj", "{F32EB45C-BCF3-4EC3-9EE4-C1341D27AB9E}"
EndProject
Project("{8BC9CEB8-8B4A-11D0-8D11-00A0C91BC942}") = "11_MinNumberInRotatedArray", "11_MinNumberInRotatedArray\11_MinNumberInRotatedArray.vcxproj", "{DF4D1597-D40B-4241-ADD2-3E0AD92A17A0}"
EndProject
Project("{8BC9CEB8-8B4A-11D0-8D11-00A0C91BC942}") = "frogleap", "frogleap\frogleap.vcxproj", "{332132B5-2E54-4C83-99CD-5F2E57964385}"
EndProject
Project("{8BC9CEB8-8B4A-11D0-8D11-00A0C91BC942}") = "Search in Rotated Sorted Array", "Search in Rotated Sorted Array\Search in Rotated Sorted Array.vcxproj", "{10753CE8-B1BF-44C6-9EF9-744F1EC94C46}"
EndProject
Project("{8BC9CEB8-8B4A-11D0-8D11-00A0C91BC942}") = "ques_id=1664", "ques_id=1664\ques_id=1664.vcxproj", "{0B7B8CAA-A955-4AA3-9097-8DF1AE055228}"
EndProject
Project("{8BC9CEB8-8B4A-11D0-8D11-00A0C91BC942}") = "weizhongbank1", "weizhongbank1\weizhongbank1.vcxproj", "{C09E900D-023B-491E-B9FB-7D42E5178AB7}"
EndProject
Project("{8BC9CEB8-8B4A-11D0-8D11-00A0C91BC942}") = "weizhongbank2", "weizhongbank2\weizhongbank2.vcxproj", "{1F3EFE32-FD67-4039-9758-DE5908BBE5B9}"
EndProject
Project("{8BC9CEB8-8B4A-11D0-8D11-00A0C91BC942}") = "weizhongbank3", "weizhongbank3\weizhongbank3.vcxproj", "{C03953D5-1019-4BB3-A6DF-171A2FB2E115}"
EndProject
Project("{8BC9CEB8-8B4A-11D0-8D11-00A0C91BC942}") = "huawei", "huawei\huawei.vcxproj", "{24805B67-FCB1-4069-BD0A-020E7EF5E7E2}"
EndProject
Project("{8BC9CEB8-8B4A-11D0-8D11-00A0C91BC942}") = "huawei2", "huawei2\huawei2.vcxproj", "{310D440C-AE59-4F4C-A43C-38B40DD81A20}"
EndProject
Project("{8BC9CEB8-8B4A-11D0-8D11-00A0C91BC942}") = "huawei3", "huawei3\huawei3.vcxproj", "{734CC735-8477-4628-B25D-A559C8748B57}"
EndProject
Project("{8BC9CEB8-8B4A-11D0-8D11-00A0C91BC942}") = "40_KLeastNumbers", "40_KLeastNumbers\40_KLeastNumbers.vcxproj", "{D1BC6B44-DF8B-4AE6-A966-A54EED56CA21}"
EndProject
Project("{8BC9CEB8-8B4A-11D0-8D11-00A0C91BC942}") = "41_StreamMedian", "41_StreamMedian\41_StreamMedian.vcxproj", "{B1A54616-0D4B-487C-8D5E-CCAC51EC433A}"
EndProject
Project("{8BC9CEB8-8B4A-11D0-8D11-00A0C91BC942}") = "42_GreatestSumOfSubarrays", "42_GreatestSumOfSubarrays\42_GreatestSumOfSubarrays.vcxproj", "{CE855717-1A53-4F1A-AA17-6062308AEA16}"
EndProject
Project("{8BC9CEB8-8B4A-11D0-8D11-00A0C91BC942}") = "43_NumberOf1", "43_NumberOf1\43_NumberOf1.vcxproj", "{6D242246-18D5-4B15-B36A-ADF4B025D743}"
EndProject
Project("{8BC9CEB8-8B4A-11D0-8D11-00A0C91BC942}") = "44_DigitsInSequence", "44_DigitsInSequence\44_DigitsInSequence.vcxproj", "{49FCF62C-1F0D-4AB4-A391-3352F6462FC5}"
EndProject
Project("{8BC9CEB8-8B4A-11D0-8D11-00A0C91BC942}") = "45_SortArrayForMinNumber", "45_SortArrayForMinNumber\45_SortArrayForMinNumber.vcxproj", "{4FDDE8E3-5BAD-4EC1-8661-F384BFE27035}"
EndProject
Project("{8BC9CEB8-8B4A-11D0-8D11-00A0C91BC942}") = "46_TranslateNumbersToStrings", "46_TranslateNumbersToStrings\46_TranslateNumbersToStrings.vcxproj", "{70A522AC-BEDE-4783-9029-B4F65091F3C4}"
EndProject
Project("{8BC9CEB8-8B4A-11D0-8D11-00A0C91BC942}") = "47_MaxValueOfGifts", "47_MaxValueOfGifts\47_MaxValueOfGifts.vcxproj", "{8CCDBAA1-C617-4293-8994-0696881EC4D5}"
EndProject
Project("{8BC9CEB8-8B4A-11D0-8D11-00A0C91BC942}") = "48_LongestSubstringWithoutDup", "48_LongestSubstringWithoutDup\48_LongestSubstringWithoutDup.vcxproj", "{F6E05D42-9462-48B0-AD3F-54E989212BB7}"
EndProject
Project("{8BC9CEB8-8B4A-11D0-8D11-00A0C91BC942}") = "49_UglyNumber", "49_UglyNumber\49_UglyNumber.vcxproj", "{BC4C3BC4-EFA7-4BC9-B755-ABCE391CD15C}"
EndProject
Project("{8BC9CEB8-8B4A-11D0-8D11-00A0C91BC942}") = "50_FirstNotRepeatingChar", "50_FirstNotRepeatingChar\50_FirstNotRepeatingChar.vcxproj", "{0D6438E8-EE5F-4080-871E-06D500DDE1AD}"
EndProject
Project("{8BC9CEB8-8B4A-11D0-8D11-00A0C91BC942}") = "kuaishou1", "kuaishou1\kuaishou1.vcxproj", "{A4238381-F053-4238-B4ED-8A3C7E40838E}"
EndProject
Project("{8BC9CEB8-8B4A-11D0-8D11-00A0C91BC942}") = "kuaishou2", "kuaishou2\kuaishou2.vcxproj", "{DB21159A-80AA-4802-8DCD-42B5E7C9065E}"
EndProject
Project("{8BC9CEB8-8B4A-11D0-8D11-00A0C91BC942}") = "kuaishou3", "kuaishou3\kuaishou3.vcxproj", "{FAB02900-7124-4B9F-957F-962DD78FC5D8}"
EndProject
Global
	GlobalSection(SolutionConfigurationPlatforms) = preSolution
		Debug|x64 = Debug|x64
		Debug|x86 = Debug|x86
		Release|x64 = Release|x64
		Release|x86 = Release|x86
	EndGlobalSection
	GlobalSection(ProjectConfigurationPlatforms) = postSolution
		{B440296D-4DFB-4110-AA07-1EB742536F27}.Debug|x64.ActiveCfg = Debug|x64
		{B440296D-4DFB-4110-AA07-1EB742536F27}.Debug|x64.Build.0 = Debug|x64
		{B440296D-4DFB-4110-AA07-1EB742536F27}.Debug|x86.ActiveCfg = Debug|Win32
		{B440296D-4DFB-4110-AA07-1EB742536F27}.Debug|x86.Build.0 = Debug|Win32
		{B440296D-4DFB-4110-AA07-1EB742536F27}.Release|x64.ActiveCfg = Release|x64
		{B440296D-4DFB-4110-AA07-1EB742536F27}.Release|x64.Build.0 = Release|x64
		{B440296D-4DFB-4110-AA07-1EB742536F27}.Release|x86.ActiveCfg = Release|Win32
		{B440296D-4DFB-4110-AA07-1EB742536F27}.Release|x86.Build.0 = Release|Win32
		{DD4D49EC-1FCC-4D62-BFAE-7380280991C5}.Debug|x64.ActiveCfg = Debug|x64
		{DD4D49EC-1FCC-4D62-BFAE-7380280991C5}.Debug|x64.Build.0 = Debug|x64
		{DD4D49EC-1FCC-4D62-BFAE-7380280991C5}.Debug|x86.ActiveCfg = Debug|Win32
		{DD4D49EC-1FCC-4D62-BFAE-7380280991C5}.Debug|x86.Build.0 = Debug|Win32
		{DD4D49EC-1FCC-4D62-BFAE-7380280991C5}.Release|x64.ActiveCfg = Release|x64
		{DD4D49EC-1FCC-4D62-BFAE-7380280991C5}.Release|x64.Build.0 = Release|x64
		{DD4D49EC-1FCC-4D62-BFAE-7380280991C5}.Release|x86.ActiveCfg = Release|Win32
		{DD4D49EC-1FCC-4D62-BFAE-7380280991C5}.Release|x86.Build.0 = Release|Win32
		{00A599C2-7439-41CC-A655-FAB2F114A36C}.Debug|x64.ActiveCfg = Debug|x64
		{00A599C2-7439-41CC-A655-FAB2F114A36C}.Debug|x64.Build.0 = Debug|x64
		{00A599C2-7439-41CC-A655-FAB2F114A36C}.Debug|x86.ActiveCfg = Debug|Win32
		{00A599C2-7439-41CC-A655-FAB2F114A36C}.Debug|x86.Build.0 = Debug|Win32
		{00A599C2-7439-41CC-A655-FAB2F114A36C}.Release|x64.ActiveCfg = Release|x64
		{00A599C2-7439-41CC-A655-FAB2F114A36C}.Release|x64.Build.0 = Release|x64
		{00A599C2-7439-41CC-A655-FAB2F114A36C}.Release|x86.ActiveCfg = Release|Win32
		{00A599C2-7439-41CC-A655-FAB2F114A36C}.Release|x86.Build.0 = Release|Win32
		{26FD03F7-F2D8-4C9B-96BE-75BE066A8910}.Debug|x64.ActiveCfg = Debug|x64
		{26FD03F7-F2D8-4C9B-96BE-75BE066A8910}.Debug|x64.Build.0 = Debug|x64
		{26FD03F7-F2D8-4C9B-96BE-75BE066A8910}.Debug|x86.ActiveCfg = Debug|Win32
		{26FD03F7-F2D8-4C9B-96BE-75BE066A8910}.Debug|x86.Build.0 = Debug|Win32
		{26FD03F7-F2D8-4C9B-96BE-75BE066A8910}.Release|x64.ActiveCfg = Release|x64
		{26FD03F7-F2D8-4C9B-96BE-75BE066A8910}.Release|x64.Build.0 = Release|x64
		{26FD03F7-F2D8-4C9B-96BE-75BE066A8910}.Release|x86.ActiveCfg = Release|Win32
		{26FD03F7-F2D8-4C9B-96BE-75BE066A8910}.Release|x86.Build.0 = Release|Win32
		{A3106A3D-8C6F-439B-B9B0-66B0A316A756}.Debug|x64.ActiveCfg = Debug|x64
		{A3106A3D-8C6F-439B-B9B0-66B0A316A756}.Debug|x64.Build.0 = Debug|x64
		{A3106A3D-8C6F-439B-B9B0-66B0A316A756}.Debug|x86.ActiveCfg = Debug|Win32
		{A3106A3D-8C6F-439B-B9B0-66B0A316A756}.Debug|x86.Build.0 = Debug|Win32
		{A3106A3D-8C6F-439B-B9B0-66B0A316A756}.Release|x64.ActiveCfg = Release|x64
		{A3106A3D-8C6F-439B-B9B0-66B0A316A756}.Release|x64.Build.0 = Release|x64
		{A3106A3D-8C6F-439B-B9B0-66B0A316A756}.Release|x86.ActiveCfg = Release|Win32
		{A3106A3D-8C6F-439B-B9B0-66B0A316A756}.Release|x86.Build.0 = Release|Win32
		{09FD094A-3D81-4EB5-B5F7-DAAA7D382CB2}.Debug|x64.ActiveCfg = Debug|x64
		{09FD094A-3D81-4EB5-B5F7-DAAA7D382CB2}.Debug|x64.Build.0 = Debug|x64
		{09FD094A-3D81-4EB5-B5F7-DAAA7D382CB2}.Debug|x86.ActiveCfg = Debug|Win32
		{09FD094A-3D81-4EB5-B5F7-DAAA7D382CB2}.Debug|x86.Build.0 = Debug|Win32
		{09FD094A-3D81-4EB5-B5F7-DAAA7D382CB2}.Release|x64.ActiveCfg = Release|x64
		{09FD094A-3D81-4EB5-B5F7-DAAA7D382CB2}.Release|x64.Build.0 = Release|x64
		{09FD094A-3D81-4EB5-B5F7-DAAA7D382CB2}.Release|x86.ActiveCfg = Release|Win32
		{09FD094A-3D81-4EB5-B5F7-DAAA7D382CB2}.Release|x86.Build.0 = Release|Win32
		{E5C2AC8F-B00A-4CF6-A6AF-B76495137B76}.Debug|x64.ActiveCfg = Debug|x64
		{E5C2AC8F-B00A-4CF6-A6AF-B76495137B76}.Debug|x64.Build.0 = Debug|x64
		{E5C2AC8F-B00A-4CF6-A6AF-B76495137B76}.Debug|x86.ActiveCfg = Debug|Win32
		{E5C2AC8F-B00A-4CF6-A6AF-B76495137B76}.Debug|x86.Build.0 = Debug|Win32
		{E5C2AC8F-B00A-4CF6-A6AF-B76495137B76}.Release|x64.ActiveCfg = Release|x64
		{E5C2AC8F-B00A-4CF6-A6AF-B76495137B76}.Release|x64.Build.0 = Release|x64
		{E5C2AC8F-B00A-4CF6-A6AF-B76495137B76}.Release|x86.ActiveCfg = Release|Win32
		{E5C2AC8F-B00A-4CF6-A6AF-B76495137B76}.Release|x86.Build.0 = Release|Win32
		{F4C53233-001C-4899-9362-345DB6A05F38}.Debug|x64.ActiveCfg = Debug|x64
		{F4C53233-001C-4899-9362-345DB6A05F38}.Debug|x64.Build.0 = Debug|x64
		{F4C53233-001C-4899-9362-345DB6A05F38}.Debug|x86.ActiveCfg = Debug|Win32
		{F4C53233-001C-4899-9362-345DB6A05F38}.Debug|x86.Build.0 = Debug|Win32
		{F4C53233-001C-4899-9362-345DB6A05F38}.Release|x64.ActiveCfg = Release|x64
		{F4C53233-001C-4899-9362-345DB6A05F38}.Release|x64.Build.0 = Release|x64
		{F4C53233-001C-4899-9362-345DB6A05F38}.Release|x86.ActiveCfg = Release|Win32
		{F4C53233-001C-4899-9362-345DB6A05F38}.Release|x86.Build.0 = Release|Win32
		{67A98F16-DF41-47AB-BCBF-24421E468037}.Debug|x64.ActiveCfg = Debug|x64
		{67A98F16-DF41-47AB-BCBF-24421E468037}.Debug|x64.Build.0 = Debug|x64
		{67A98F16-DF41-47AB-BCBF-24421E468037}.Debug|x86.ActiveCfg = Debug|Win32
		{67A98F16-DF41-47AB-BCBF-24421E468037}.Debug|x86.Build.0 = Debug|Win32
		{67A98F16-DF41-47AB-BCBF-24421E468037}.Release|x64.ActiveCfg = Release|x64
		{67A98F16-DF41-47AB-BCBF-24421E468037}.Release|x64.Build.0 = Release|x64
		{67A98F16-DF41-47AB-BCBF-24421E468037}.Release|x86.ActiveCfg = Release|Win32
		{67A98F16-DF41-47AB-BCBF-24421E468037}.Release|x86.Build.0 = Release|Win32
		{6CCE1C8E-2677-4E01-B334-AAEF9E37871B}.Debug|x64.ActiveCfg = Debug|x64
		{6CCE1C8E-2677-4E01-B334-AAEF9E37871B}.Debug|x64.Build.0 = Debug|x64
		{6CCE1C8E-2677-4E01-B334-AAEF9E37871B}.Debug|x86.ActiveCfg = Debug|Win32
		{6CCE1C8E-2677-4E01-B334-AAEF9E37871B}.Debug|x86.Build.0 = Debug|Win32
		{6CCE1C8E-2677-4E01-B334-AAEF9E37871B}.Release|x64.ActiveCfg = Release|x64
		{6CCE1C8E-2677-4E01-B334-AAEF9E37871B}.Release|x64.Build.0 = Release|x64
		{6CCE1C8E-2677-4E01-B334-AAEF9E37871B}.Release|x86.ActiveCfg = Release|Win32
		{6CCE1C8E-2677-4E01-B334-AAEF9E37871B}.Release|x86.Build.0 = Release|Win32
		{25C5440D-50A5-4CD4-9D4C-EFC772DC288F}.Debug|x64.ActiveCfg = Debug|x64
		{25C5440D-50A5-4CD4-9D4C-EFC772DC288F}.Debug|x64.Build.0 = Debug|x64
		{25C5440D-50A5-4CD4-9D4C-EFC772DC288F}.Debug|x86.ActiveCfg = Debug|Win32
		{25C5440D-50A5-4CD4-9D4C-EFC772DC288F}.Debug|x86.Build.0 = Debug|Win32
		{25C5440D-50A5-4CD4-9D4C-EFC772DC288F}.Release|x64.ActiveCfg = Release|x64
		{25C5440D-50A5-4CD4-9D4C-EFC772DC288F}.Release|x64.Build.0 = Release|x64
		{25C5440D-50A5-4CD4-9D4C-EFC772DC288F}.Release|x86.ActiveCfg = Release|Win32
		{25C5440D-50A5-4CD4-9D4C-EFC772DC288F}.Release|x86.Build.0 = Release|Win32
		{252FC325-DED8-4706-9EB3-4C6097628D6F}.Debug|x64.ActiveCfg = Debug|x64
		{252FC325-DED8-4706-9EB3-4C6097628D6F}.Debug|x64.Build.0 = Debug|x64
		{252FC325-DED8-4706-9EB3-4C6097628D6F}.Debug|x86.ActiveCfg = Debug|Win32
		{252FC325-DED8-4706-9EB3-4C6097628D6F}.Debug|x86.Build.0 = Debug|Win32
		{252FC325-DED8-4706-9EB3-4C6097628D6F}.Release|x64.ActiveCfg = Release|x64
		{252FC325-DED8-4706-9EB3-4C6097628D6F}.Release|x64.Build.0 = Release|x64
		{252FC325-DED8-4706-9EB3-4C6097628D6F}.Release|x86.ActiveCfg = Release|Win32
		{252FC325-DED8-4706-9EB3-4C6097628D6F}.Release|x86.Build.0 = Release|Win32
		{A290A524-C3EB-4CF4-93F4-5186B718C694}.Debug|x64.ActiveCfg = Debug|x64
		{A290A524-C3EB-4CF4-93F4-5186B718C694}.Debug|x64.Build.0 = Debug|x64
		{A290A524-C3EB-4CF4-93F4-5186B718C694}.Debug|x86.ActiveCfg = Debug|Win32
		{A290A524-C3EB-4CF4-93F4-5186B718C694}.Debug|x86.Build.0 = Debug|Win32
		{A290A524-C3EB-4CF4-93F4-5186B718C694}.Release|x64.ActiveCfg = Release|x64
		{A290A524-C3EB-4CF4-93F4-5186B718C694}.Release|x64.Build.0 = Release|x64
		{A290A524-C3EB-4CF4-93F4-5186B718C694}.Release|x86.ActiveCfg = Release|Win32
		{A290A524-C3EB-4CF4-93F4-5186B718C694}.Release|x86.Build.0 = Release|Win32
		{FB5EDF3C-F4C8-4FEF-B4DC-D70F58A0E430}.Debug|x64.ActiveCfg = Debug|x64
		{FB5EDF3C-F4C8-4FEF-B4DC-D70F58A0E430}.Debug|x64.Build.0 = Debug|x64
		{FB5EDF3C-F4C8-4FEF-B4DC-D70F58A0E430}.Debug|x86.ActiveCfg = Debug|Win32
		{FB5EDF3C-F4C8-4FEF-B4DC-D70F58A0E430}.Debug|x86.Build.0 = Debug|Win32
		{FB5EDF3C-F4C8-4FEF-B4DC-D70F58A0E430}.Release|x64.ActiveCfg = Release|x64
		{FB5EDF3C-F4C8-4FEF-B4DC-D70F58A0E430}.Release|x64.Build.0 = Release|x64
		{FB5EDF3C-F4C8-4FEF-B4DC-D70F58A0E430}.Release|x86.ActiveCfg = Release|Win32
		{FB5EDF3C-F4C8-4FEF-B4DC-D70F58A0E430}.Release|x86.Build.0 = Release|Win32
		{6E45659F-BD03-49E4-95BB-3385CC02F56B}.Debug|x64.ActiveCfg = Debug|x64
		{6E45659F-BD03-49E4-95BB-3385CC02F56B}.Debug|x64.Build.0 = Debug|x64
		{6E45659F-BD03-49E4-95BB-3385CC02F56B}.Debug|x86.ActiveCfg = Debug|Win32
		{6E45659F-BD03-49E4-95BB-3385CC02F56B}.Debug|x86.Build.0 = Debug|Win32
		{6E45659F-BD03-49E4-95BB-3385CC02F56B}.Release|x64.ActiveCfg = Release|x64
		{6E45659F-BD03-49E4-95BB-3385CC02F56B}.Release|x64.Build.0 = Release|x64
		{6E45659F-BD03-49E4-95BB-3385CC02F56B}.Release|x86.ActiveCfg = Release|Win32
		{6E45659F-BD03-49E4-95BB-3385CC02F56B}.Release|x86.Build.0 = Release|Win32
		{7AF53401-BE22-4D26-A77D-D75B73903DC3}.Debug|x64.ActiveCfg = Debug|x64
		{7AF53401-BE22-4D26-A77D-D75B73903DC3}.Debug|x64.Build.0 = Debug|x64
		{7AF53401-BE22-4D26-A77D-D75B73903DC3}.Debug|x86.ActiveCfg = Debug|Win32
		{7AF53401-BE22-4D26-A77D-D75B73903DC3}.Debug|x86.Build.0 = Debug|Win32
		{7AF53401-BE22-4D26-A77D-D75B73903DC3}.Release|x64.ActiveCfg = Release|x64
		{7AF53401-BE22-4D26-A77D-D75B73903DC3}.Release|x64.Build.0 = Release|x64
		{7AF53401-BE22-4D26-A77D-D75B73903DC3}.Release|x86.ActiveCfg = Release|Win32
		{7AF53401-BE22-4D26-A77D-D75B73903DC3}.Release|x86.Build.0 = Release|Win32
		{43FB6DAD-B567-4B15-AF99-36DE9D6DC1C7}.Debug|x64.ActiveCfg = Debug|x64
		{43FB6DAD-B567-4B15-AF99-36DE9D6DC1C7}.Debug|x64.Build.0 = Debug|x64
		{43FB6DAD-B567-4B15-AF99-36DE9D6DC1C7}.Debug|x86.ActiveCfg = Debug|Win32
		{43FB6DAD-B567-4B15-AF99-36DE9D6DC1C7}.Debug|x86.Build.0 = Debug|Win32
		{43FB6DAD-B567-4B15-AF99-36DE9D6DC1C7}.Release|x64.ActiveCfg = Release|x64
		{43FB6DAD-B567-4B15-AF99-36DE9D6DC1C7}.Release|x64.Build.0 = Release|x64
		{43FB6DAD-B567-4B15-AF99-36DE9D6DC1C7}.Release|x86.ActiveCfg = Release|Win32
		{43FB6DAD-B567-4B15-AF99-36DE9D6DC1C7}.Release|x86.Build.0 = Release|Win32
		{DAD492D5-7A3F-48A0-8CB3-8534546DE536}.Debug|x64.ActiveCfg = Debug|x64
		{DAD492D5-7A3F-48A0-8CB3-8534546DE536}.Debug|x64.Build.0 = Debug|x64
		{DAD492D5-7A3F-48A0-8CB3-8534546DE536}.Debug|x86.ActiveCfg = Debug|Win32
		{DAD492D5-7A3F-48A0-8CB3-8534546DE536}.Debug|x86.Build.0 = Debug|Win32
		{DAD492D5-7A3F-48A0-8CB3-8534546DE536}.Release|x64.ActiveCfg = Release|x64
		{DAD492D5-7A3F-48A0-8CB3-8534546DE536}.Release|x64.Build.0 = Release|x64
		{DAD492D5-7A3F-48A0-8CB3-8534546DE536}.Release|x86.ActiveCfg = Release|Win32
		{DAD492D5-7A3F-48A0-8CB3-8534546DE536}.Release|x86.Build.0 = Release|Win32
		{8C767190-1BEE-4FC2-9A5E-823D9DCBC90E}.Debug|x64.ActiveCfg = Debug|x64
		{8C767190-1BEE-4FC2-9A5E-823D9DCBC90E}.Debug|x64.Build.0 = Debug|x64
		{8C767190-1BEE-4FC2-9A5E-823D9DCBC90E}.Debug|x86.ActiveCfg = Debug|Win32
		{8C767190-1BEE-4FC2-9A5E-823D9DCBC90E}.Debug|x86.Build.0 = Debug|Win32
		{8C767190-1BEE-4FC2-9A5E-823D9DCBC90E}.Release|x64.ActiveCfg = Release|x64
		{8C767190-1BEE-4FC2-9A5E-823D9DCBC90E}.Release|x64.Build.0 = Release|x64
		{8C767190-1BEE-4FC2-9A5E-823D9DCBC90E}.Release|x86.ActiveCfg = Release|Win32
		{8C767190-1BEE-4FC2-9A5E-823D9DCBC90E}.Release|x86.Build.0 = Release|Win32
		{E37CE73A-AE68-4391-89BF-0A273EBE7B70}.Debug|x64.ActiveCfg = Debug|x64
		{E37CE73A-AE68-4391-89BF-0A273EBE7B70}.Debug|x64.Build.0 = Debug|x64
		{E37CE73A-AE68-4391-89BF-0A273EBE7B70}.Debug|x86.ActiveCfg = Debug|Win32
		{E37CE73A-AE68-4391-89BF-0A273EBE7B70}.Debug|x86.Build.0 = Debug|Win32
		{E37CE73A-AE68-4391-89BF-0A273EBE7B70}.Release|x64.ActiveCfg = Release|x64
		{E37CE73A-AE68-4391-89BF-0A273EBE7B70}.Release|x64.Build.0 = Release|x64
		{E37CE73A-AE68-4391-89BF-0A273EBE7B70}.Release|x86.ActiveCfg = Release|Win32
		{E37CE73A-AE68-4391-89BF-0A273EBE7B70}.Release|x86.Build.0 = Release|Win32
		{F32EB45C-BCF3-4EC3-9EE4-C1341D27AB9E}.Debug|x64.ActiveCfg = Debug|x64
		{F32EB45C-BCF3-4EC3-9EE4-C1341D27AB9E}.Debug|x64.Build.0 = Debug|x64
		{F32EB45C-BCF3-4EC3-9EE4-C1341D27AB9E}.Debug|x86.ActiveCfg = Debug|Win32
		{F32EB45C-BCF3-4EC3-9EE4-C1341D27AB9E}.Debug|x86.Build.0 = Debug|Win32
		{F32EB45C-BCF3-4EC3-9EE4-C1341D27AB9E}.Release|x64.ActiveCfg = Release|x64
		{F32EB45C-BCF3-4EC3-9EE4-C1341D27AB9E}.Release|x64.Build.0 = Release|x64
		{F32EB45C-BCF3-4EC3-9EE4-C1341D27AB9E}.Release|x86.ActiveCfg = Release|Win32
		{F32EB45C-BCF3-4EC3-9EE4-C1341D27AB9E}.Release|x86.Build.0 = Release|Win32
		{DF4D1597-D40B-4241-ADD2-3E0AD92A17A0}.Debug|x64.ActiveCfg = Debug|x64
		{DF4D1597-D40B-4241-ADD2-3E0AD92A17A0}.Debug|x64.Build.0 = Debug|x64
		{DF4D1597-D40B-4241-ADD2-3E0AD92A17A0}.Debug|x86.ActiveCfg = Debug|Win32
		{DF4D1597-D40B-4241-ADD2-3E0AD92A17A0}.Debug|x86.Build.0 = Debug|Win32
		{DF4D1597-D40B-4241-ADD2-3E0AD92A17A0}.Release|x64.ActiveCfg = Release|x64
		{DF4D1597-D40B-4241-ADD2-3E0AD92A17A0}.Release|x64.Build.0 = Release|x64
		{DF4D1597-D40B-4241-ADD2-3E0AD92A17A0}.Release|x86.ActiveCfg = Release|Win32
		{DF4D1597-D40B-4241-ADD2-3E0AD92A17A0}.Release|x86.Build.0 = Release|Win32
		{332132B5-2E54-4C83-99CD-5F2E57964385}.Debug|x64.ActiveCfg = Debug|x64
		{332132B5-2E54-4C83-99CD-5F2E57964385}.Debug|x64.Build.0 = Debug|x64
		{332132B5-2E54-4C83-99CD-5F2E57964385}.Debug|x86.ActiveCfg = Debug|Win32
		{332132B5-2E54-4C83-99CD-5F2E57964385}.Debug|x86.Build.0 = Debug|Win32
		{332132B5-2E54-4C83-99CD-5F2E57964385}.Release|x64.ActiveCfg = Release|x64
		{332132B5-2E54-4C83-99CD-5F2E57964385}.Release|x64.Build.0 = Release|x64
		{332132B5-2E54-4C83-99CD-5F2E57964385}.Release|x86.ActiveCfg = Release|Win32
		{332132B5-2E54-4C83-99CD-5F2E57964385}.Release|x86.Build.0 = Release|Win32
		{10753CE8-B1BF-44C6-9EF9-744F1EC94C46}.Debug|x64.ActiveCfg = Debug|x64
		{10753CE8-B1BF-44C6-9EF9-744F1EC94C46}.Debug|x64.Build.0 = Debug|x64
		{10753CE8-B1BF-44C6-9EF9-744F1EC94C46}.Debug|x86.ActiveCfg = Debug|Win32
		{10753CE8-B1BF-44C6-9EF9-744F1EC94C46}.Debug|x86.Build.0 = Debug|Win32
		{10753CE8-B1BF-44C6-9EF9-744F1EC94C46}.Release|x64.ActiveCfg = Release|x64
		{10753CE8-B1BF-44C6-9EF9-744F1EC94C46}.Release|x64.Build.0 = Release|x64
		{10753CE8-B1BF-44C6-9EF9-744F1EC94C46}.Release|x86.ActiveCfg = Release|Win32
		{10753CE8-B1BF-44C6-9EF9-744F1EC94C46}.Release|x86.Build.0 = Release|Win32
		{0B7B8CAA-A955-4AA3-9097-8DF1AE055228}.Debug|x64.ActiveCfg = Debug|x64
		{0B7B8CAA-A955-4AA3-9097-8DF1AE055228}.Debug|x64.Build.0 = Debug|x64
		{0B7B8CAA-A955-4AA3-9097-8DF1AE055228}.Debug|x86.ActiveCfg = Debug|Win32
		{0B7B8CAA-A955-4AA3-9097-8DF1AE055228}.Debug|x86.Build.0 = Debug|Win32
		{0B7B8CAA-A955-4AA3-9097-8DF1AE055228}.Release|x64.ActiveCfg = Release|x64
		{0B7B8CAA-A955-4AA3-9097-8DF1AE055228}.Release|x64.Build.0 = Release|x64
		{0B7B8CAA-A955-4AA3-9097-8DF1AE055228}.Release|x86.ActiveCfg = Release|Win32
		{0B7B8CAA-A955-4AA3-9097-8DF1AE055228}.Release|x86.Build.0 = Release|Win32
		{C09E900D-023B-491E-B9FB-7D42E5178AB7}.Debug|x64.ActiveCfg = Debug|x64
		{C09E900D-023B-491E-B9FB-7D42E5178AB7}.Debug|x64.Build.0 = Debug|x64
		{C09E900D-023B-491E-B9FB-7D42E5178AB7}.Debug|x86.ActiveCfg = Debug|Win32
		{C09E900D-023B-491E-B9FB-7D42E5178AB7}.Debug|x86.Build.0 = Debug|Win32
		{C09E900D-023B-491E-B9FB-7D42E5178AB7}.Release|x64.ActiveCfg = Release|x64
		{C09E900D-023B-491E-B9FB-7D42E5178AB7}.Release|x64.Build.0 = Release|x64
		{C09E900D-023B-491E-B9FB-7D42E5178AB7}.Release|x86.ActiveCfg = Release|Win32
		{C09E900D-023B-491E-B9FB-7D42E5178AB7}.Release|x86.Build.0 = Release|Win32
		{1F3EFE32-FD67-4039-9758-DE5908BBE5B9}.Debug|x64.ActiveCfg = Debug|x64
		{1F3EFE32-FD67-4039-9758-DE5908BBE5B9}.Debug|x64.Build.0 = Debug|x64
		{1F3EFE32-FD67-4039-9758-DE5908BBE5B9}.Debug|x86.ActiveCfg = Debug|Win32
		{1F3EFE32-FD67-4039-9758-DE5908BBE5B9}.Debug|x86.Build.0 = Debug|Win32
		{1F3EFE32-FD67-4039-9758-DE5908BBE5B9}.Release|x64.ActiveCfg = Release|x64
		{1F3EFE32-FD67-4039-9758-DE5908BBE5B9}.Release|x64.Build.0 = Release|x64
		{1F3EFE32-FD67-4039-9758-DE5908BBE5B9}.Release|x86.ActiveCfg = Release|Win32
		{1F3EFE32-FD67-4039-9758-DE5908BBE5B9}.Release|x86.Build.0 = Release|Win32
		{C03953D5-1019-4BB3-A6DF-171A2FB2E115}.Debug|x64.ActiveCfg = Debug|x64
		{C03953D5-1019-4BB3-A6DF-171A2FB2E115}.Debug|x64.Build.0 = Debug|x64
		{C03953D5-1019-4BB3-A6DF-171A2FB2E115}.Debug|x86.ActiveCfg = Debug|Win32
		{C03953D5-1019-4BB3-A6DF-171A2FB2E115}.Debug|x86.Build.0 = Debug|Win32
		{C03953D5-1019-4BB3-A6DF-171A2FB2E115}.Release|x64.ActiveCfg = Release|x64
		{C03953D5-1019-4BB3-A6DF-171A2FB2E115}.Release|x64.Build.0 = Release|x64
		{C03953D5-1019-4BB3-A6DF-171A2FB2E115}.Release|x86.ActiveCfg = Release|Win32
		{C03953D5-1019-4BB3-A6DF-171A2FB2E115}.Release|x86.Build.0 = Release|Win32
		{24805B67-FCB1-4069-BD0A-020E7EF5E7E2}.Debug|x64.ActiveCfg = Debug|x64
		{24805B67-FCB1-4069-BD0A-020E7EF5E7E2}.Debug|x64.Build.0 = Debug|x64
		{24805B67-FCB1-4069-BD0A-020E7EF5E7E2}.Debug|x86.ActiveCfg = Debug|Win32
		{24805B67-FCB1-4069-BD0A-020E7EF5E7E2}.Debug|x86.Build.0 = Debug|Win32
		{24805B67-FCB1-4069-BD0A-020E7EF5E7E2}.Release|x64.ActiveCfg = Release|x64
		{24805B67-FCB1-4069-BD0A-020E7EF5E7E2}.Release|x64.Build.0 = Release|x64
		{24805B67-FCB1-4069-BD0A-020E7EF5E7E2}.Release|x86.ActiveCfg = Release|Win32
		{24805B67-FCB1-4069-BD0A-020E7EF5E7E2}.Release|x86.Build.0 = Release|Win32
		{310D440C-AE59-4F4C-A43C-38B40DD81A20}.Debug|x64.ActiveCfg = Debug|x64
		{310D440C-AE59-4F4C-A43C-38B40DD81A20}.Debug|x64.Build.0 = Debug|x64
		{310D440C-AE59-4F4C-A43C-38B40DD81A20}.Debug|x86.ActiveCfg = Debug|Win32
		{310D440C-AE59-4F4C-A43C-38B40DD81A20}.Debug|x86.Build.0 = Debug|Win32
		{310D440C-AE59-4F4C-A43C-38B40DD81A20}.Release|x64.ActiveCfg = Release|x64
		{310D440C-AE59-4F4C-A43C-38B40DD81A20}.Release|x64.Build.0 = Release|x64
		{310D440C-AE59-4F4C-A43C-38B40DD81A20}.Release|x86.ActiveCfg = Release|Win32
		{310D440C-AE59-4F4C-A43C-38B40DD81A20}.Release|x86.Build.0 = Release|Win32
		{734CC735-8477-4628-B25D-A559C8748B57}.Debug|x64.ActiveCfg = Debug|x64
		{734CC735-8477-4628-B25D-A559C8748B57}.Debug|x64.Build.0 = Debug|x64
		{734CC735-8477-4628-B25D-A559C8748B57}.Debug|x86.ActiveCfg = Debug|Win32
		{734CC735-8477-4628-B25D-A559C8748B57}.Debug|x86.Build.0 = Debug|Win32
		{734CC735-8477-4628-B25D-A559C8748B57}.Release|x64.ActiveCfg = Release|x64
		{734CC735-8477-4628-B25D-A559C8748B57}.Release|x64.Build.0 = Release|x64
		{734CC735-8477-4628-B25D-A559C8748B57}.Release|x86.ActiveCfg = Release|Win32
		{734CC735-8477-4628-B25D-A559C8748B57}.Release|x86.Build.0 = Release|Win32
		{D1BC6B44-DF8B-4AE6-A966-A54EED56CA21}.Debug|x64.ActiveCfg = Debug|x64
		{D1BC6B44-DF8B-4AE6-A966-A54EED56CA21}.Debug|x64.Build.0 = Debug|x64
		{D1BC6B44-DF8B-4AE6-A966-A54EED56CA21}.Debug|x86.ActiveCfg = Debug|Win32
		{D1BC6B44-DF8B-4AE6-A966-A54EED56CA21}.Debug|x86.Build.0 = Debug|Win32
		{D1BC6B44-DF8B-4AE6-A966-A54EED56CA21}.Release|x64.ActiveCfg = Release|x64
		{D1BC6B44-DF8B-4AE6-A966-A54EED56CA21}.Release|x64.Build.0 = Release|x64
		{D1BC6B44-DF8B-4AE6-A966-A54EED56CA21}.Release|x86.ActiveCfg = Release|Win32
		{D1BC6B44-DF8B-4AE6-A966-A54EED56CA21}.Release|x86.Build.0 = Release|Win32
		{B1A54616-0D4B-487C-8D5E-CCAC51EC433A}.Debug|x64.ActiveCfg = Debug|x64
		{B1A54616-0D4B-487C-8D5E-CCAC51EC433A}.Debug|x64.Build.0 = Debug|x64
		{B1A54616-0D4B-487C-8D5E-CCAC51EC433A}.Debug|x86.ActiveCfg = Debug|Win32
		{B1A54616-0D4B-487C-8D5E-CCAC51EC433A}.Debug|x86.Build.0 = Debug|Win32
		{B1A54616-0D4B-487C-8D5E-CCAC51EC433A}.Release|x64.ActiveCfg = Release|x64
		{B1A54616-0D4B-487C-8D5E-CCAC51EC433A}.Release|x64.Build.0 = Release|x64
		{B1A54616-0D4B-487C-8D5E-CCAC51EC433A}.Release|x86.ActiveCfg = Release|Win32
		{B1A54616-0D4B-487C-8D5E-CCAC51EC433A}.Release|x86.Build.0 = Release|Win32
		{CE855717-1A53-4F1A-AA17-6062308AEA16}.Debug|x64.ActiveCfg = Debug|x64
		{CE855717-1A53-4F1A-AA17-6062308AEA16}.Debug|x64.Build.0 = Debug|x64
		{CE855717-1A53-4F1A-AA17-6062308AEA16}.Debug|x86.ActiveCfg = Debug|Win32
		{CE855717-1A53-4F1A-AA17-6062308AEA16}.Debug|x86.Build.0 = Debug|Win32
		{CE855717-1A53-4F1A-AA17-6062308AEA16}.Release|x64.ActiveCfg = Release|x64
		{CE855717-1A53-4F1A-AA17-6062308AEA16}.Release|x64.Build.0 = Release|x64
		{CE855717-1A53-4F1A-AA17-6062308AEA16}.Release|x86.ActiveCfg = Release|Win32
		{CE855717-1A53-4F1A-AA17-6062308AEA16}.Release|x86.Build.0 = Release|Win32
		{6D242246-18D5-4B15-B36A-ADF4B025D743}.Debug|x64.ActiveCfg = Debug|x64
		{6D242246-18D5-4B15-B36A-ADF4B025D743}.Debug|x64.Build.0 = Debug|x64
		{6D242246-18D5-4B15-B36A-ADF4B025D743}.Debug|x86.ActiveCfg = Debug|Win32
		{6D242246-18D5-4B15-B36A-ADF4B025D743}.Debug|x86.Build.0 = Debug|Win32
		{6D242246-18D5-4B15-B36A-ADF4B025D743}.Release|x64.ActiveCfg = Release|x64
		{6D242246-18D5-4B15-B36A-ADF4B025D743}.Release|x64.Build.0 = Release|x64
		{6D242246-18D5-4B15-B36A-ADF4B025D743}.Release|x86.ActiveCfg = Release|Win32
		{6D242246-18D5-4B15-B36A-ADF4B025D743}.Release|x86.Build.0 = Release|Win32
		{49FCF62C-1F0D-4AB4-A391-3352F6462FC5}.Debug|x64.ActiveCfg = Debug|x64
		{49FCF62C-1F0D-4AB4-A391-3352F6462FC5}.Debug|x64.Build.0 = Debug|x64
		{49FCF62C-1F0D-4AB4-A391-3352F6462FC5}.Debug|x86.ActiveCfg = Debug|Win32
		{49FCF62C-1F0D-4AB4-A391-3352F6462FC5}.Debug|x86.Build.0 = Debug|Win32
		{49FCF62C-1F0D-4AB4-A391-3352F6462FC5}.Release|x64.ActiveCfg = Release|x64
		{49FCF62C-1F0D-4AB4-A391-3352F6462FC5}.Release|x64.Build.0 = Release|x64
		{49FCF62C-1F0D-4AB4-A391-3352F6462FC5}.Release|x86.ActiveCfg = Release|Win32
		{49FCF62C-1F0D-4AB4-A391-3352F6462FC5}.Release|x86.Build.0 = Release|Win32
		{4FDDE8E3-5BAD-4EC1-8661-F384BFE27035}.Debug|x64.ActiveCfg = Debug|x64
		{4FDDE8E3-5BAD-4EC1-8661-F384BFE27035}.Debug|x64.Build.0 = Debug|x64
		{4FDDE8E3-5BAD-4EC1-8661-F384BFE27035}.Debug|x86.ActiveCfg = Debug|Win32
		{4FDDE8E3-5BAD-4EC1-8661-F384BFE27035}.Debug|x86.Build.0 = Debug|Win32
		{4FDDE8E3-5BAD-4EC1-8661-F384BFE27035}.Release|x64.ActiveCfg = Release|x64
		{4FDDE8E3-5BAD-4EC1-8661-F384BFE27035}.Release|x64.Build.0 = Release|x64
		{4FDDE8E3-5BAD-4EC1-8661-F384BFE27035}.Release|x86.ActiveCfg = Release|Win32
		{4FDDE8E3-5BAD-4EC1-8661-F384BFE27035}.Release|x86.Build.0 = Release|Win32
		{70A522AC-BEDE-4783-9029-B4F65091F3C4}.Debug|x64.ActiveCfg = Debug|x64
		{70A522AC-BEDE-4783-9029-B4F65091F3C4}.Debug|x64.Build.0 = Debug|x64
		{70A522AC-BEDE-4783-9029-B4F65091F3C4}.Debug|x86.ActiveCfg = Debug|Win32
		{70A522AC-BEDE-4783-9029-B4F65091F3C4}.Debug|x86.Build.0 = Debug|Win32
		{70A522AC-BEDE-4783-9029-B4F65091F3C4}.Release|x64.ActiveCfg = Release|x64
		{70A522AC-BEDE-4783-9029-B4F65091F3C4}.Release|x64.Build.0 = Release|x64
		{70A522AC-BEDE-4783-9029-B4F65091F3C4}.Release|x86.ActiveCfg = Release|Win32
		{70A522AC-BEDE-4783-9029-B4F65091F3C4}.Release|x86.Build.0 = Release|Win32
		{8CCDBAA1-C617-4293-8994-0696881EC4D5}.Debug|x64.ActiveCfg = Debug|x64
		{8CCDBAA1-C617-4293-8994-0696881EC4D5}.Debug|x64.Build.0 = Debug|x64
		{8CCDBAA1-C617-4293-8994-0696881EC4D5}.Debug|x86.ActiveCfg = Debug|Win32
		{8CCDBAA1-C617-4293-8994-0696881EC4D5}.Debug|x86.Build.0 = Debug|Win32
		{8CCDBAA1-C617-4293-8994-0696881EC4D5}.Release|x64.ActiveCfg = Release|x64
		{8CCDBAA1-C617-4293-8994-0696881EC4D5}.Release|x64.Build.0 = Release|x64
		{8CCDBAA1-C617-4293-8994-0696881EC4D5}.Release|x86.ActiveCfg = Release|Win32
		{8CCDBAA1-C617-4293-8994-0696881EC4D5}.Release|x86.Build.0 = Release|Win32
		{F6E05D42-9462-48B0-AD3F-54E989212BB7}.Debug|x64.ActiveCfg = Debug|x64
		{F6E05D42-9462-48B0-AD3F-54E989212BB7}.Debug|x64.Build.0 = Debug|x64
		{F6E05D42-9462-48B0-AD3F-54E989212BB7}.Debug|x86.ActiveCfg = Debug|Win32
		{F6E05D42-9462-48B0-AD3F-54E989212BB7}.Debug|x86.Build.0 = Debug|Win32
		{F6E05D42-9462-48B0-AD3F-54E989212BB7}.Release|x64.ActiveCfg = Release|x64
		{F6E05D42-9462-48B0-AD3F-54E989212BB7}.Release|x64.Build.0 = Release|x64
		{F6E05D42-9462-48B0-AD3F-54E989212BB7}.Release|x86.ActiveCfg = Release|Win32
		{F6E05D42-9462-48B0-AD3F-54E989212BB7}.Release|x86.Build.0 = Release|Win32
		{BC4C3BC4-EFA7-4BC9-B755-ABCE391CD15C}.Debug|x64.ActiveCfg = Debug|x64
		{BC4C3BC4-EFA7-4BC9-B755-ABCE391CD15C}.Debug|x64.Build.0 = Debug|x64
		{BC4C3BC4-EFA7-4BC9-B755-ABCE391CD15C}.Debug|x86.ActiveCfg = Debug|Win32
		{BC4C3BC4-EFA7-4BC9-B755-ABCE391CD15C}.Debug|x86.Build.0 = Debug|Win32
		{BC4C3BC4-EFA7-4BC9-B755-ABCE391CD15C}.Release|x64.ActiveCfg = Release|x64
		{BC4C3BC4-EFA7-4BC9-B755-ABCE391CD15C}.Release|x64.Build.0 = Release|x64
		{BC4C3BC4-EFA7-4BC9-B755-ABCE391CD15C}.Release|x86.ActiveCfg = Release|Win32
		{BC4C3BC4-EFA7-4BC9-B755-ABCE391CD15C}.Release|x86.Build.0 = Release|Win32
		{0D6438E8-EE5F-4080-871E-06D500DDE1AD}.Debug|x64.ActiveCfg = Debug|x64
		{0D6438E8-EE5F-4080-871E-06D500DDE1AD}.Debug|x64.Build.0 = Debug|x64
		{0D6438E8-EE5F-4080-871E-06D500DDE1AD}.Debug|x86.ActiveCfg = Debug|Win32
		{0D6438E8-EE5F-4080-871E-06D500DDE1AD}.Debug|x86.Build.0 = Debug|Win32
		{0D6438E8-EE5F-4080-871E-06D500DDE1AD}.Release|x64.ActiveCfg = Release|x64
		{0D6438E8-EE5F-4080-871E-06D500DDE1AD}.Release|x64.Build.0 = Release|x64
		{0D6438E8-EE5F-4080-871E-06D500DDE1AD}.Release|x86.ActiveCfg = Release|Win32
		{0D6438E8-EE5F-4080-871E-06D500DDE1AD}.Release|x86.Build.0 = Release|Win32
		{A4238381-F053-4238-B4ED-8A3C7E40838E}.Debug|x64.ActiveCfg = Debug|x64
		{A4238381-F053-4238-B4ED-8A3C7E40838E}.Debug|x64.Build.0 = Debug|x64
		{A4238381-F053-4238-B4ED-8A3C7E40838E}.Debug|x86.ActiveCfg = Debug|Win32
		{A4238381-F053-4238-B4ED-8A3C7E40838E}.Debug|x86.Build.0 = Debug|Win32
		{A4238381-F053-4238-B4ED-8A3C7E40838E}.Release|x64.ActiveCfg = Release|x64
		{A4238381-F053-4238-B4ED-8A3C7E40838E}.Release|x64.Build.0 = Release|x64
		{A4238381-F053-4238-B4ED-8A3C7E40838E}.Release|x86.ActiveCfg = Release|Win32
		{A4238381-F053-4238-B4ED-8A3C7E40838E}.Release|x86.Build.0 = Release|Win32
		{DB21159A-80AA-4802-8DCD-42B5E7C9065E}.Debug|x64.ActiveCfg = Debug|x64
		{DB21159A-80AA-4802-8DCD-42B5E7C9065E}.Debug|x64.Build.0 = Debug|x64
		{DB21159A-80AA-4802-8DCD-42B5E7C9065E}.Debug|x86.ActiveCfg = Debug|Win32
		{DB21159A-80AA-4802-8DCD-42B5E7C9065E}.Debug|x86.Build.0 = Debug|Win32
		{DB21159A-80AA-4802-8DCD-42B5E7C9065E}.Release|x64.ActiveCfg = Release|x64
		{DB21159A-80AA-4802-8DCD-42B5E7C9065E}.Release|x64.Build.0 = Release|x64
		{DB21159A-80AA-4802-8DCD-42B5E7C9065E}.Release|x86.ActiveCfg = Release|Win32
		{DB21159A-80AA-4802-8DCD-42B5E7C9065E}.Release|x86.Build.0 = Release|Win32
		{FAB02900-7124-4B9F-957F-962DD78FC5D8}.Debug|x64.ActiveCfg = Debug|x64
		{FAB02900-7124-4B9F-957F-962DD78FC5D8}.Debug|x64.Build.0 = Debug|x64
		{FAB02900-7124-4B9F-957F-962DD78FC5D8}.Debug|x86.ActiveCfg = Debug|Win32
		{FAB02900-7124-4B9F-957F-962DD78FC5D8}.Debug|x86.Build.0 = Debug|Win32
		{FAB02900-7124-4B9F-957F-962DD78FC5D8}.Release|x64.ActiveCfg = Release|x64
		{FAB02900-7124-4B9F-957F-962DD78FC5D8}.Release|x64.Build.0 = Release|x64
		{FAB02900-7124-4B9F-957F-962DD78FC5D8}.Release|x86.ActiveCfg = Release|Win32
		{FAB02900-7124-4B9F-957F-962DD78FC5D8}.Release|x86.Build.0 = Release|Win32
	EndGlobalSection
	GlobalSection(SolutionProperties) = preSolution
		HideSolutionNode = FALSE
	EndGlobalSection
	GlobalSection(ExtensibilityGlobals) = postSolution
		SolutionGuid = {D926ACC0-1D18-4511-9B8C-07ADF92EA1AB}
	EndGlobalSection
EndGlobal
